// !$*UTF8*$!
{
	archiveVersion = 1;
	classes = {
	};
	objectVersion = 56;
	objects = {

/* Begin PBXBuildFile section */
		C22CC28A2C13AD3A0011EA2F /* LoginViewController.swift in Sources */ = {isa = PBXBuildFile; fileRef = C22CC2892C13AD3A0011EA2F /* LoginViewController.swift */; };
		C22CC28C2C13AD700011EA2F /* RegisterViewController.swift in Sources */ = {isa = PBXBuildFile; fileRef = C22CC28B2C13AD700011EA2F /* RegisterViewController.swift */; };
		C2BC87592C1201D000BCE7BE /* AppDelegate.swift in Sources */ = {isa = PBXBuildFile; fileRef = C2BC87582C1201D000BCE7BE /* AppDelegate.swift */; };
		C2BC875B2C1201D000BCE7BE /* SceneDelegate.swift in Sources */ = {isa = PBXBuildFile; fileRef = C2BC875A2C1201D000BCE7BE /* SceneDelegate.swift */; };
		C2BC875D2C1201D000BCE7BE /* ListViewController.swift in Sources */ = {isa = PBXBuildFile; fileRef = C2BC875C2C1201D000BCE7BE /* ListViewController.swift */; };
		C2BC87602C1201D000BCE7BE /* Base in Resources */ = {isa = PBXBuildFile; fileRef = C2BC875F2C1201D000BCE7BE /* Base */; };
		C2BC87622C1201D200BCE7BE /* Assets.xcassets in Resources */ = {isa = PBXBuildFile; fileRef = C2BC87612C1201D200BCE7BE /* Assets.xcassets */; };
		C2BC87652C1201D200BCE7BE /* Base in Resources */ = {isa = PBXBuildFile; fileRef = C2BC87642C1201D200BCE7BE /* Base */; };
		C2BC876D2C12071E00BCE7BE /* DetailViewController.swift in Sources */ = {isa = PBXBuildFile; fileRef = C2BC876C2C12071E00BCE7BE /* DetailViewController.swift */; };
		C2BC876F2C1263D900BCE7BE /* Drinks.swift in Sources */ = {isa = PBXBuildFile; fileRef = C2BC876E2C1263D900BCE7BE /* Drinks.swift */; };
		C2BC87712C1270E600BCE7BE /* Drink.swift in Sources */ = {isa = PBXBuildFile; fileRef = C2BC87702C1270E600BCE7BE /* Drink.swift */; };
		C2E109B32C164D7C00062FE5 /* DataModel.xcdatamodeld in Sources */ = {isa = PBXBuildFile; fileRef = C2E109B12C164D7C00062FE5 /* DataModel.xcdatamodeld */; };
		C2E109B52C164DDD00062FE5 /* DataController.swift in Sources */ = {isa = PBXBuildFile; fileRef = C2E109B42C164DDD00062FE5 /* DataController.swift */; };
		C2E109DB2C1859DE00062FE5 /* Returned.swift in Sources */ = {isa = PBXBuildFile; fileRef = C2E109DA2C1859DE00062FE5 /* Returned.swift */; };
/* End PBXBuildFile section */

/* Begin PBXFileReference section */
		C22CC2892C13AD3A0011EA2F /* LoginViewController.swift */ = {isa = PBXFileReference; lastKnownFileType = sourcecode.swift; path = LoginViewController.swift; sourceTree = "<group>"; };
		C22CC28B2C13AD700011EA2F /* RegisterViewController.swift */ = {isa = PBXFileReference; lastKnownFileType = sourcecode.swift; path = RegisterViewController.swift; sourceTree = "<group>"; };
		C2BC87552C1201D000BCE7BE /* MyCocketailBar.app */ = {isa = PBXFileReference; explicitFileType = wrapper.application; includeInIndex = 0; path = MyCocketailBar.app; sourceTree = BUILT_PRODUCTS_DIR; };
		C2BC87582C1201D000BCE7BE /* AppDelegate.swift */ = {isa = PBXFileReference; lastKnownFileType = sourcecode.swift; path = AppDelegate.swift; sourceTree = "<group>"; };
		C2BC875A2C1201D000BCE7BE /* SceneDelegate.swift */ = {isa = PBXFileReference; lastKnownFileType = sourcecode.swift; path = SceneDelegate.swift; sourceTree = "<group>"; };
		C2BC875C2C1201D000BCE7BE /* ListViewController.swift */ = {isa = PBXFileReference; lastKnownFileType = sourcecode.swift; path = ListViewController.swift; sourceTree = "<group>"; };
		C2BC875F2C1201D000BCE7BE /* Base */ = {isa = PBXFileReference; lastKnownFileType = file.storyboard; name = Base; path = Base.lproj/Main.storyboard; sourceTree = "<group>"; };
		C2BC87612C1201D200BCE7BE /* Assets.xcassets */ = {isa = PBXFileReference; lastKnownFileType = folder.assetcatalog; path = Assets.xcassets; sourceTree = "<group>"; };
		C2BC87642C1201D200BCE7BE /* Base */ = {isa = PBXFileReference; lastKnownFileType = file.storyboard; name = Base; path = Base.lproj/LaunchScreen.storyboard; sourceTree = "<group>"; };
		C2BC87662C1201D200BCE7BE /* Info.plist */ = {isa = PBXFileReference; lastKnownFileType = text.plist.xml; path = Info.plist; sourceTree = "<group>"; };
		C2BC876C2C12071E00BCE7BE /* DetailViewController.swift */ = {isa = PBXFileReference; lastKnownFileType = sourcecode.swift; path = DetailViewController.swift; sourceTree = "<group>"; };
		C2BC876E2C1263D900BCE7BE /* Drinks.swift */ = {isa = PBXFileReference; lastKnownFileType = sourcecode.swift; path = Drinks.swift; sourceTree = "<group>"; };
		C2BC87702C1270E600BCE7BE /* Drink.swift */ = {isa = PBXFileReference; lastKnownFileType = sourcecode.swift; path = Drink.swift; sourceTree = "<group>"; };
		C2E109B22C164D7C00062FE5 /* DataModel.xcdatamodel */ = {isa = PBXFileReference; lastKnownFileType = wrapper.xcdatamodel; path = DataModel.xcdatamodel; sourceTree = "<group>"; };
		C2E109B42C164DDD00062FE5 /* DataController.swift */ = {isa = PBXFileReference; lastKnownFileType = sourcecode.swift; path = DataController.swift; sourceTree = "<group>"; };
		C2E109DA2C1859DE00062FE5 /* Returned.swift */ = {isa = PBXFileReference; lastKnownFileType = sourcecode.swift; path = Returned.swift; sourceTree = "<group>"; };
/* End PBXFileReference section */

/* Begin PBXFrameworksBuildPhase section */
		C2BC87522C1201D000BCE7BE /* Frameworks */ = {
			isa = PBXFrameworksBuildPhase;
			buildActionMask = 2147483647;
			files = (
			);
			runOnlyForDeploymentPostprocessing = 0;
		};
/* End PBXFrameworksBuildPhase section */

/* Begin PBXGroup section */
		C22CC2872C13ACF60011EA2F /* SignInView */ = {
			isa = PBXGroup;
			children = (
				C22CC2892C13AD3A0011EA2F /* LoginViewController.swift */,
			);
			path = SignInView;
			sourceTree = "<group>";
		};
		C22CC2882C13AD0F0011EA2F /* SignUpView */ = {
			isa = PBXGroup;
			children = (
				C22CC28B2C13AD700011EA2F /* RegisterViewController.swift */,
			);
			path = SignUpView;
			sourceTree = "<group>";
		};
		C22CC29A2C14EB8F0011EA2F /* AppUserData */ = {
			isa = PBXGroup;
			children = (
				C2E109B12C164D7C00062FE5 /* DataModel.xcdatamodeld */,
				C2E109B42C164DDD00062FE5 /* DataController.swift */,
			);
			path = AppUserData;
			sourceTree = "<group>";
		};
		C2BC874C2C1201D000BCE7BE = {
			isa = PBXGroup;
			children = (
				C2BC87572C1201D000BCE7BE /* MyCocketailBar */,
				C2BC87562C1201D000BCE7BE /* Products */,
			);
			sourceTree = "<group>";
		};
		C2BC87562C1201D000BCE7BE /* Products */ = {
			isa = PBXGroup;
			children = (
				C2BC87552C1201D000BCE7BE /* MyCocketailBar.app */,
			);
			name = Products;
			sourceTree = "<group>";
		};
		C2BC87572C1201D000BCE7BE /* MyCocketailBar */ = {
			isa = PBXGroup;
			children = (
				C22CC29A2C14EB8F0011EA2F /* AppUserData */,
				C22CC2882C13AD0F0011EA2F /* SignUpView */,
				C22CC2872C13ACF60011EA2F /* SignInView */,
				C2BC87722C12750D00BCE7BE /* DrinkModel */,
				C2BC87742C12755200BCE7BE /* DrinkView */,
				C2BC87582C1201D000BCE7BE /* AppDelegate.swift */,
				C2BC875A2C1201D000BCE7BE /* SceneDelegate.swift */,
				C2BC875E2C1201D000BCE7BE /* Main.storyboard */,
				C2BC87612C1201D200BCE7BE /* Assets.xcassets */,
				C2BC87632C1201D200BCE7BE /* LaunchScreen.storyboard */,
				C2BC87662C1201D200BCE7BE /* Info.plist */,
			);
			path = MyCocketailBar;
			sourceTree = "<group>";
		};
		C2BC87722C12750D00BCE7BE /* DrinkModel */ = {
			isa = PBXGroup;
			children = (
				C2BC876E2C1263D900BCE7BE /* Drinks.swift */,
				C2BC87702C1270E600BCE7BE /* Drink.swift */,
				C2E109DA2C1859DE00062FE5 /* Returned.swift */,
			);
			path = DrinkModel;
			sourceTree = "<group>";
		};
		C2BC87742C12755200BCE7BE /* DrinkView */ = {
			isa = PBXGroup;
			children = (
				C2BC876C2C12071E00BCE7BE /* DetailViewController.swift */,
				C2BC875C2C1201D000BCE7BE /* ListViewController.swift */,
			);
			path = DrinkView;
			sourceTree = "<group>";
		};
/* End PBXGroup section */

/* Begin PBXNativeTarget section */
		C2BC87542C1201D000BCE7BE /* MyCocketailBar */ = {
			isa = PBXNativeTarget;
			buildConfigurationList = C2BC87692C1201D200BCE7BE /* Build configuration list for PBXNativeTarget "MyCocketailBar" */;
			buildPhases = (
				C2BC87512C1201D000BCE7BE /* Sources */,
				C2BC87522C1201D000BCE7BE /* Frameworks */,
				C2BC87532C1201D000BCE7BE /* Resources */,
			);
			buildRules = (
			);
			dependencies = (
			);
			name = MyCocketailBar;
			productName = MyCocketailBar;
			productReference = C2BC87552C1201D000BCE7BE /* MyCocketailBar.app */;
			productType = "com.apple.product-type.application";
		};
/* End PBXNativeTarget section */

/* Begin PBXProject section */
		C2BC874D2C1201D000BCE7BE /* Project object */ = {
			isa = PBXProject;
			attributes = {
				BuildIndependentTargetsInParallel = 1;
				LastSwiftUpdateCheck = 1540;
				LastUpgradeCheck = 1540;
				TargetAttributes = {
					C2BC87542C1201D000BCE7BE = {
						CreatedOnToolsVersion = 15.4;
					};
				};
			};
			buildConfigurationList = C2BC87502C1201D000BCE7BE /* Build configuration list for PBXProject "MyCocketailBar" */;
			compatibilityVersion = "Xcode 14.0";
			developmentRegion = en;
			hasScannedForEncodings = 0;
			knownRegions = (
				en,
				Base,
			);
			mainGroup = C2BC874C2C1201D000BCE7BE;
			productRefGroup = C2BC87562C1201D000BCE7BE /* Products */;
			projectDirPath = "";
			projectRoot = "";
			targets = (
				C2BC87542C1201D000BCE7BE /* MyCocketailBar */,
			);
		};
/* End PBXProject section */

/* Begin PBXResourcesBuildPhase section */
		C2BC87532C1201D000BCE7BE /* Resources */ = {
			isa = PBXResourcesBuildPhase;
			buildActionMask = 2147483647;
			files = (
				C2BC87622C1201D200BCE7BE /* Assets.xcassets in Resources */,
				C2BC87652C1201D200BCE7BE /* Base in Resources */,
				C2BC87602C1201D000BCE7BE /* Base in Resources */,
			);
			runOnlyForDeploymentPostprocessing = 0;
		};
/* End PBXResourcesBuildPhase section */

/* Begin PBXSourcesBuildPhase section */
		C2BC87512C1201D000BCE7BE /* Sources */ = {
			isa = PBXSourcesBuildPhase;
			buildActionMask = 2147483647;
			files = (
				C22CC28A2C13AD3A0011EA2F /* LoginViewController.swift in Sources */,
				C2BC875D2C1201D000BCE7BE /* ListViewController.swift in Sources */,
				C2BC876F2C1263D900BCE7BE /* Drinks.swift in Sources */,
				C22CC28C2C13AD700011EA2F /* RegisterViewController.swift in Sources */,
				C2E109DB2C1859DE00062FE5 /* Returned.swift in Sources */,
				C2BC87592C1201D000BCE7BE /* AppDelegate.swift in Sources */,
				C2E109B52C164DDD00062FE5 /* DataController.swift in Sources */,
				C2BC875B2C1201D000BCE7BE /* SceneDelegate.swift in Sources */,
				C2E109B32C164D7C00062FE5 /* DataModel.xcdatamodeld in Sources */,
				C2BC87712C1270E600BCE7BE /* Drink.swift in Sources */,
				C2BC876D2C12071E00BCE7BE /* DetailViewController.swift in Sources */,
			);
			runOnlyForDeploymentPostprocessing = 0;
		};
/* End PBXSourcesBuildPhase section */

/* Begin PBXVariantGroup section */
		C2BC875E2C1201D000BCE7BE /* Main.storyboard */ = {
			isa = PBXVariantGroup;
			children = (
				C2BC875F2C1201D000BCE7BE /* Base */,
			);
			name = Main.storyboard;
			sourceTree = "<group>";
		};
		C2BC87632C1201D200BCE7BE /* LaunchScreen.storyboard */ = {
			isa = PBXVariantGroup;
			children = (
				C2BC87642C1201D200BCE7BE /* Base */,
			);
			name = LaunchScreen.storyboard;
			sourceTree = "<group>";
		};
/* End PBXVariantGroup section */

/* Begin XCBuildConfiguration section */
		C2BC87672C1201D200BCE7BE /* Debug */ = {
			isa = XCBuildConfiguration;
			buildSettings = {
				ALWAYS_SEARCH_USER_PATHS = NO;
				ASSETCATALOG_COMPILER_GENERATE_SWIFT_ASSET_SYMBOL_EXTENSIONS = YES;
				CLANG_ANALYZER_NONNULL = YES;
				CLANG_ANALYZER_NUMBER_OBJECT_CONVERSION = YES_AGGRESSIVE;
				CLANG_CXX_LANGUAGE_STANDARD = "gnu++20";
				CLANG_ENABLE_MODULES = YES;
				CLANG_ENABLE_OBJC_ARC = YES;
				CLANG_ENABLE_OBJC_WEAK = YES;
				CLANG_WARN_BLOCK_CAPTURE_AUTORELEASING = YES;
				CLANG_WARN_BOOL_CONVERSION = YES;
				CLANG_WARN_COMMA = YES;
				CLANG_WARN_CONSTANT_CONVERSION = YES;
				CLANG_WARN_DEPRECATED_OBJC_IMPLEMENTATIONS = YES;
				CLANG_WARN_DIRECT_OBJC_ISA_USAGE = YES_ERROR;
				CLANG_WARN_DOCUMENTATION_COMMENTS = YES;
				CLANG_WARN_EMPTY_BODY = YES;
				CLANG_WARN_ENUM_CONVERSION = YES;
				CLANG_WARN_INFINITE_RECURSION = YES;
				CLANG_WARN_INT_CONVERSION = YES;
				CLANG_WARN_NON_LITERAL_NULL_CONVERSION = YES;
				CLANG_WARN_OBJC_IMPLICIT_RETAIN_SELF = YES;
				CLANG_WARN_OBJC_LITERAL_CONVERSION = YES;
				CLANG_WARN_OBJC_ROOT_CLASS = YES_ERROR;
				CLANG_WARN_QUOTED_INCLUDE_IN_FRAMEWORK_HEADER = YES;
				CLANG_WARN_RANGE_LOOP_ANALYSIS = YES;
				CLANG_WARN_STRICT_PROTOTYPES = YES;
				CLANG_WARN_SUSPICIOUS_MOVE = YES;
				CLANG_WARN_UNGUARDED_AVAILABILITY = YES_AGGRESSIVE;
				CLANG_WARN_UNREACHABLE_CODE = YES;
				CLANG_WARN__DUPLICATE_METHOD_MATCH = YES;
				COPY_PHASE_STRIP = NO;
				DEBUG_INFORMATION_FORMAT = dwarf;
				ENABLE_STRICT_OBJC_MSGSEND = YES;
				ENABLE_TESTABILITY = YES;
				ENABLE_USER_SCRIPT_SANDBOXING = YES;
				GCC_C_LANGUAGE_STANDARD = gnu17;
				GCC_DYNAMIC_NO_PIC = NO;
				GCC_NO_COMMON_BLOCKS = YES;
				GCC_OPTIMIZATION_LEVEL = 0;
				GCC_PREPROCESSOR_DEFINITIONS = (
					"DEBUG=1",
					"$(inherited)",
				);
				GCC_WARN_64_TO_32_BIT_CONVERSION = YES;
				GCC_WARN_ABOUT_RETURN_TYPE = YES_ERROR;
				GCC_WARN_UNDECLARED_SELECTOR = YES;
				GCC_WARN_UNINITIALIZED_AUTOS = YES_AGGRESSIVE;
				GCC_WARN_UNUSED_FUNCTION = YES;
				GCC_WARN_UNUSED_VARIABLE = YES;
				IPHONEOS_DEPLOYMENT_TARGET = 15.0;
				LOCALIZATION_PREFERS_STRING_CATALOGS = YES;
				MTL_ENABLE_DEBUG_INFO = INCLUDE_SOURCE;
				MTL_FAST_MATH = YES;
				ONLY_ACTIVE_ARCH = YES;
				SDKROOT = iphoneos;
				SWIFT_ACTIVE_COMPILATION_CONDITIONS = "DEBUG $(inherited)";
				SWIFT_OPTIMIZATION_LEVEL = "-Onone";
			};
			name = Debug;
		};
		C2BC87682C1201D200BCE7BE /* Release */ = {
			isa = XCBuildConfiguration;
			buildSettings = {
				ALWAYS_SEARCH_USER_PATHS = NO;
				ASSETCATALOG_COMPILER_GENERATE_SWIFT_ASSET_SYMBOL_EXTENSIONS = YES;
				CLANG_ANALYZER_NONNULL = YES;
				CLANG_ANALYZER_NUMBER_OBJECT_CONVERSION = YES_AGGRESSIVE;
				CLANG_CXX_LANGUAGE_STANDARD = "gnu++20";
				CLANG_ENABLE_MODULES = YES;
				CLANG_ENABLE_OBJC_ARC = YES;
				CLANG_ENABLE_OBJC_WEAK = YES;
				CLANG_WARN_BLOCK_CAPTURE_AUTORELEASING = YES;
				CLANG_WARN_BOOL_CONVERSION = YES;
				CLANG_WARN_COMMA = YES;
				CLANG_WARN_CONSTANT_CONVERSION = YES;
				CLANG_WARN_DEPRECATED_OBJC_IMPLEMENTATIONS = YES;
				CLANG_WARN_DIRECT_OBJC_ISA_USAGE = YES_ERROR;
				CLANG_WARN_DOCUMENTATION_COMMENTS = YES;
				CLANG_WARN_EMPTY_BODY = YES;
				CLANG_WARN_ENUM_CONVERSION = YES;
				CLANG_WARN_INFINITE_RECURSION = YES;
				CLANG_WARN_INT_CONVERSION = YES;
				CLANG_WARN_NON_LITERAL_NULL_CONVERSION = YES;
				CLANG_WARN_OBJC_IMPLICIT_RETAIN_SELF = YES;
				CLANG_WARN_OBJC_LITERAL_CONVERSION = YES;
				CLANG_WARN_OBJC_ROOT_CLASS = YES_ERROR;
				CLANG_WARN_QUOTED_INCLUDE_IN_FRAMEWORK_HEADER = YES;
				CLANG_WARN_RANGE_LOOP_ANALYSIS = YES;
				CLANG_WARN_STRICT_PROTOTYPES = YES;
				CLANG_WARN_SUSPICIOUS_MOVE = YES;
				CLANG_WARN_UNGUARDED_AVAILABILITY = YES_AGGRESSIVE;
				CLANG_WARN_UNREACHABLE_CODE = YES;
				CLANG_WARN__DUPLICATE_METHOD_MATCH = YES;
				COPY_PHASE_STRIP = NO;
				DEBUG_INFORMATION_FORMAT = "dwarf-with-dsym";
				ENABLE_NS_ASSERTIONS = NO;
				ENABLE_STRICT_OBJC_MSGSEND = YES;
				ENABLE_USER_SCRIPT_SANDBOXING = YES;
				GCC_C_LANGUAGE_STANDARD = gnu17;
				GCC_NO_COMMON_BLOCKS = YES;
				GCC_WARN_64_TO_32_BIT_CONVERSION = YES;
				GCC_WARN_ABOUT_RETURN_TYPE = YES_ERROR;
				GCC_WARN_UNDECLARED_SELECTOR = YES;
				GCC_WARN_UNINITIALIZED_AUTOS = YES_AGGRESSIVE;
				GCC_WARN_UNUSED_FUNCTION = YES;
				GCC_WARN_UNUSED_VARIABLE = YES;
				IPHONEOS_DEPLOYMENT_TARGET = 15.0;
				LOCALIZATION_PREFERS_STRING_CATALOGS = YES;
				MTL_ENABLE_DEBUG_INFO = NO;
				MTL_FAST_MATH = YES;
				SDKROOT = iphoneos;
				SWIFT_COMPILATION_MODE = wholemodule;
				VALIDATE_PRODUCT = YES;
			};
			name = Release;
		};
		C2BC876A2C1201D200BCE7BE /* Debug */ = {
			isa = XCBuildConfiguration;
			buildSettings = {
				ASSETCATALOG_COMPILER_APPICON_NAME = AppIcon;
				ASSETCATALOG_COMPILER_GLOBAL_ACCENT_COLOR_NAME = AccentColor;
				CODE_SIGN_STYLE = Automatic;
				CURRENT_PROJECT_VERSION = 1;
				GENERATE_INFOPLIST_FILE = YES;
				INFOPLIST_FILE = MyCocketailBar/Info.plist;
				INFOPLIST_KEY_UIApplicationSupportsIndirectInputEvents = YES;
				INFOPLIST_KEY_UILaunchStoryboardName = LaunchScreen;
				INFOPLIST_KEY_UIMainStoryboardFile = Main;
				INFOPLIST_KEY_UISupportedInterfaceOrientations_iPad = "UIInterfaceOrientationPortrait UIInterfaceOrientationPortraitUpsideDown UIInterfaceOrientationLandscapeLeft UIInterfaceOrientationLandscapeRight";
				INFOPLIST_KEY_UISupportedInterfaceOrientations_iPhone = "UIInterfaceOrientationPortrait UIInterfaceOrientationLandscapeLeft UIInterfaceOrientationLandscapeRight";
				IPHONEOS_DEPLOYMENT_TARGET = 15.0;
				LD_RUNPATH_SEARCH_PATHS = (
					"$(inherited)",
					"@executable_path/Frameworks",
				);
				MARKETING_VERSION = 1.0;
				PRODUCT_BUNDLE_IDENTIFIER = elis.pethke.MyCocketailBar;
				PRODUCT_NAME = "$(TARGET_NAME)";
				SWIFT_EMIT_LOC_STRINGS = YES;
				SWIFT_VERSION = 5.0;
				TARGETED_DEVICE_FAMILY = "1,2";
			};
			name = Debug;
		};
		C2BC876B2C1201D200BCE7BE /* Release */ = {
			isa = XCBuildConfiguration;
			buildSettings = {
				ASSETCATALOG_COMPILER_APPICON_NAME = AppIcon;
				ASSETCATALOG_COMPILER_GLOBAL_ACCENT_COLOR_NAME = AccentColor;
				CODE_SIGN_STYLE = Automatic;
				CURRENT_PROJECT_VERSION = 1;
				GENERATE_INFOPLIST_FILE = YES;
				INFOPLIST_FILE = MyCocketailBar/Info.plist;
				INFOPLIST_KEY_UIApplicationSupportsIndirectInputEvents = YES;
				INFOPLIST_KEY_UILaunchStoryboardName = LaunchScreen;
				INFOPLIST_KEY_UIMainStoryboardFile = Main;
				INFOPLIST_KEY_UISupportedInterfaceOrientations_iPad = "UIInterfaceOrientationPortrait UIInterfaceOrientationPortraitUpsideDown UIInterfaceOrientationLandscapeLeft UIInterfaceOrientationLandscapeRight";
				INFOPLIST_KEY_UISupportedInterfaceOrientations_iPhone = "UIInterfaceOrientationPortrait UIInterfaceOrientationLandscapeLeft UIInterfaceOrientationLandscapeRight";
				IPHONEOS_DEPLOYMENT_TARGET = 15.0;
				LD_RUNPATH_SEARCH_PATHS = (
					"$(inherited)",
					"@executable_path/Frameworks",
				);
				MARKETING_VERSION = 1.0;
				PRODUCT_BUNDLE_IDENTIFIER = elis.pethke.MyCocketailBar;
				PRODUCT_NAME = "$(TARGET_NAME)";
				SWIFT_EMIT_LOC_STRINGS = YES;
				SWIFT_VERSION = 5.0;
				TARGETED_DEVICE_FAMILY = "1,2";
			};
			name = Release;
		};
/* End XCBuildConfiguration section */

/* Begin XCConfigurationList section */
		C2BC87502C1201D000BCE7BE /* Build configuration list for PBXProject "MyCocketailBar" */ = {
			isa = XCConfigurationList;
			buildConfigurations = (
				C2BC87672C1201D200BCE7BE /* Debug */,
				C2BC87682C1201D200BCE7BE /* Release */,
			);
			defaultConfigurationIsVisible = 0;
			defaultConfigurationName = Release;
		};
		C2BC87692C1201D200BCE7BE /* Build configuration list for PBXNativeTarget "MyCocketailBar" */ = {
			isa = XCConfigurationList;
			buildConfigurations = (
				C2BC876A2C1201D200BCE7BE /* Debug */,
				C2BC876B2C1201D200BCE7BE /* Release */,
			);
			defaultConfigurationIsVisible = 0;
			defaultConfigurationName = Release;
		};
/* End XCConfigurationList section */

/* Begin XCVersionGroup section */
		C2E109B12C164D7C00062FE5 /* DataModel.xcdatamodeld */ = {
			isa = XCVersionGroup;
			children = (
				C2E109B22C164D7C00062FE5 /* DataModel.xcdatamodel */,
			);
			currentVersion = C2E109B22C164D7C00062FE5 /* DataModel.xcdatamodel */;
			name = DataModel.xcdatamodeld;
			path = /Users/elispethke/Desktop/MyCocketailBar/MyCocketailBar/AppUserData/DataModel.xcdatamodeld;
			sourceTree = "<group>";
			versionGroupType = wrapper.xcdatamodel;
		};
/* End XCVersionGroup section */
	};
	rootObject = C2BC874D2C1201D000BCE7BE /* Project object */;
}
